
Microsoft Visual Studio Solution File, Format Version 12.00
# Visual Studio Version 16
VisualStudioVersion = 16.0.31702.278
MinimumVisualStudioVersion = 10.0.40219.1
Project("{FAE04EC0-301F-11D3-BF4B-00C04F79EFBC}") = "Day14LinkedListUseCase2", "Day14LinkedListUseCase2.csproj", "{23184399-6A9E-4414-856A-770CEEE478EE}"
EndProject
Global
	GlobalSection(SolutionConfigurationPlatforms) = preSolution
		Debug|Any CPU = Debug|Any CPU
		Release|Any CPU = Release|Any CPU
	EndGlobalSection
	GlobalSection(ProjectConfigurationPlatforms) = postSolution
		{23184399-6A9E-4414-856A-770CEEE478EE}.Debug|Any CPU.ActiveCfg = Debug|Any CPU
		{23184399-6A9E-4414-856A-770CEEE478EE}.Debug|Any CPU.Build.0 = Debug|Any CPU
		{23184399-6A9E-4414-856A-770CEEE478EE}.Release|Any CPU.ActiveCfg = Release|Any CPU
		{23184399-6A9E-4414-856A-770CEEE478EE}.Release|Any CPU.Build.0 = Release|Any CPU
	EndGlobalSection
	GlobalSection(SolutionProperties) = preSolution
		HideSolutionNode = FALSE
	EndGlobalSection
	GlobalSection(ExtensibilityGlobals) = postSolution
		SolutionGuid = {F1F41621-AA9F-42BF-8AD3-87F42F24062B}
	EndGlobalSection
EndGlobal
