
Microsoft Visual Studio Solution File, Format Version 12.00
# Visual Studio Version 16
VisualStudioVersion = 16.0.31702.278
MinimumVisualStudioVersion = 10.0.40219.1
Project("{FAE04EC0-301F-11D3-BF4B-00C04F79EFBC}") = "Day14LinkedListUseCase8", "Day14LinkedListUseCase8.csproj", "{06F33A90-4E48-4560-84F1-9AD861297133}"
EndProject
Global
	GlobalSection(SolutionConfigurationPlatforms) = preSolution
		Debug|Any CPU = Debug|Any CPU
		Release|Any CPU = Release|Any CPU
	EndGlobalSection
	GlobalSection(ProjectConfigurationPlatforms) = postSolution
		{06F33A90-4E48-4560-84F1-9AD861297133}.Debug|Any CPU.ActiveCfg = Debug|Any CPU
		{06F33A90-4E48-4560-84F1-9AD861297133}.Debug|Any CPU.Build.0 = Debug|Any CPU
		{06F33A90-4E48-4560-84F1-9AD861297133}.Release|Any CPU.ActiveCfg = Release|Any CPU
		{06F33A90-4E48-4560-84F1-9AD861297133}.Release|Any CPU.Build.0 = Release|Any CPU
	EndGlobalSection
	GlobalSection(SolutionProperties) = preSolution
		HideSolutionNode = FALSE
	EndGlobalSection
	GlobalSection(ExtensibilityGlobals) = postSolution
		SolutionGuid = {B24A7F02-86F1-4872-97A4-62A41634D0E4}
	EndGlobalSection
EndGlobal
