
Microsoft Visual Studio Solution File, Format Version 12.00
# Visual Studio Version 16
VisualStudioVersion = 16.0.31702.278
MinimumVisualStudioVersion = 10.0.40219.1
Project("{FAE04EC0-301F-11D3-BF4B-00C04F79EFBC}") = "Day14LinkedListUseCase5", "Day14LinkedListUseCase5.csproj", "{8AA9680C-1FAE-49DC-8BD3-673072FFA616}"
EndProject
Global
	GlobalSection(SolutionConfigurationPlatforms) = preSolution
		Debug|Any CPU = Debug|Any CPU
		Release|Any CPU = Release|Any CPU
	EndGlobalSection
	GlobalSection(ProjectConfigurationPlatforms) = postSolution
		{8AA9680C-1FAE-49DC-8BD3-673072FFA616}.Debug|Any CPU.ActiveCfg = Debug|Any CPU
		{8AA9680C-1FAE-49DC-8BD3-673072FFA616}.Debug|Any CPU.Build.0 = Debug|Any CPU
		{8AA9680C-1FAE-49DC-8BD3-673072FFA616}.Release|Any CPU.ActiveCfg = Release|Any CPU
		{8AA9680C-1FAE-49DC-8BD3-673072FFA616}.Release|Any CPU.Build.0 = Release|Any CPU
	EndGlobalSection
	GlobalSection(SolutionProperties) = preSolution
		HideSolutionNode = FALSE
	EndGlobalSection
	GlobalSection(ExtensibilityGlobals) = postSolution
		SolutionGuid = {AFAA4040-BF77-44C5-B882-E30D89DE58C1}
	EndGlobalSection
EndGlobal
