
Microsoft Visual Studio Solution File, Format Version 12.00
# Visual Studio Version 16
VisualStudioVersion = 16.0.31702.278
MinimumVisualStudioVersion = 10.0.40219.1
Project("{FAE04EC0-301F-11D3-BF4B-00C04F79EFBC}") = "Day14LinkedListUseCase3", "Day14LinkedListUseCase3.csproj", "{829A1E32-E4D0-4D06-A562-FDE09F98032D}"
EndProject
Global
	GlobalSection(SolutionConfigurationPlatforms) = preSolution
		Debug|Any CPU = Debug|Any CPU
		Release|Any CPU = Release|Any CPU
	EndGlobalSection
	GlobalSection(ProjectConfigurationPlatforms) = postSolution
		{829A1E32-E4D0-4D06-A562-FDE09F98032D}.Debug|Any CPU.ActiveCfg = Debug|Any CPU
		{829A1E32-E4D0-4D06-A562-FDE09F98032D}.Debug|Any CPU.Build.0 = Debug|Any CPU
		{829A1E32-E4D0-4D06-A562-FDE09F98032D}.Release|Any CPU.ActiveCfg = Release|Any CPU
		{829A1E32-E4D0-4D06-A562-FDE09F98032D}.Release|Any CPU.Build.0 = Release|Any CPU
	EndGlobalSection
	GlobalSection(SolutionProperties) = preSolution
		HideSolutionNode = FALSE
	EndGlobalSection
	GlobalSection(ExtensibilityGlobals) = postSolution
		SolutionGuid = {17FDA417-5BAE-4C04-BBE4-BA0B43D1030D}
	EndGlobalSection
EndGlobal
