
Microsoft Visual Studio Solution File, Format Version 12.00
# Visual Studio Version 16
VisualStudioVersion = 16.0.31702.278
MinimumVisualStudioVersion = 10.0.40219.1
Project("{FAE04EC0-301F-11D3-BF4B-00C04F79EFBC}") = "Day14LinkedListUseCase4", "Day14LinkedListUseCase4.csproj", "{F347FDC0-36A4-4A40-B843-634B223B5931}"
EndProject
Global
	GlobalSection(SolutionConfigurationPlatforms) = preSolution
		Debug|Any CPU = Debug|Any CPU
		Release|Any CPU = Release|Any CPU
	EndGlobalSection
	GlobalSection(ProjectConfigurationPlatforms) = postSolution
		{F347FDC0-36A4-4A40-B843-634B223B5931}.Debug|Any CPU.ActiveCfg = Debug|Any CPU
		{F347FDC0-36A4-4A40-B843-634B223B5931}.Debug|Any CPU.Build.0 = Debug|Any CPU
		{F347FDC0-36A4-4A40-B843-634B223B5931}.Release|Any CPU.ActiveCfg = Release|Any CPU
		{F347FDC0-36A4-4A40-B843-634B223B5931}.Release|Any CPU.Build.0 = Release|Any CPU
	EndGlobalSection
	GlobalSection(SolutionProperties) = preSolution
		HideSolutionNode = FALSE
	EndGlobalSection
	GlobalSection(ExtensibilityGlobals) = postSolution
		SolutionGuid = {5473307C-451D-4ACA-A1FD-B21CFE4169E4}
	EndGlobalSection
EndGlobal
